
Microsoft Visual Studio Solution File, Format Version 12.00
# Visual Studio Version 17
VisualStudioVersion = 17.9.34723.18
MinimumVisualStudioVersion = 10.0.40219.1
Project("{FAE04EC0-301F-11D3-BF4B-00C04F79EFBC}") = "SoftwareSecurity", "SoftwareSecurity\SoftwareSecurity.csproj", "{A4312486-9CC7-4364-9DFA-B24E1385F12C}"
EndProject
Global
	GlobalSection(SolutionConfigurationPlatforms) = preSolution
		Debug|Any CPU = Debug|Any CPU
		Release|Any CPU = Release|Any CPU
	EndGlobalSection
	GlobalSection(ProjectConfigurationPlatforms) = postSolution
		{A4312486-9CC7-4364-9DFA-B24E1385F12C}.Debug|Any CPU.ActiveCfg = Debug|Any CPU
		{A4312486-9CC7-4364-9DFA-B24E1385F12C}.Debug|Any CPU.Build.0 = Debug|Any CPU
		{A4312486-9CC7-4364-9DFA-B24E1385F12C}.Release|Any CPU.ActiveCfg = Release|Any CPU
		{A4312486-9CC7-4364-9DFA-B24E1385F12C}.Release|Any CPU.Build.0 = Release|Any CPU
	EndGlobalSection
	GlobalSection(SolutionProperties) = preSolution
		HideSolutionNode = FALSE
	EndGlobalSection
	GlobalSection(ExtensibilityGlobals) = postSolution
		SolutionGuid = {82EF30C4-A338-48FE-8737-8C019C00C5D9}
	EndGlobalSection
EndGlobal
